
Microsoft Visual Studio Solution File, Format Version 12.00
# Visual Studio Version 17
VisualStudioVersion = 17.0.32014.148
MinimumVisualStudioVersion = 10.0.40219.1
Project("{9A19103F-16F7-4668-BE54-9A1E7A4F7556}") = "AbbyWeb", "AbbyWeb\AbbyWeb.csproj", "{267CA0B8-5671-4D37-9A80-A5C2D756C34B}"
EndProject
Project("{9A19103F-16F7-4668-BE54-9A1E7A4F7556}") = "Abby.DataAccess", "Abby.DataAccess\Abby.DataAccess.csproj", "{510B66F9-8442-4AD0-A29C-455B9D0B63ED}"
EndProject
Project("{9A19103F-16F7-4668-BE54-9A1E7A4F7556}") = "Abby.Models", "Abby.Models\Abby.Models.csproj", "{BA9BABA9-1A52-413D-997B-A6F687EAEECF}"
EndProject
Project("{9A19103F-16F7-4668-BE54-9A1E7A4F7556}") = "Abby.Utility", "Abby.Utility\Abby.Utility.csproj", "{954D9770-415C-4945-B709-FA2858F9FFC4}"
EndProject
Global
	GlobalSection(SolutionConfigurationPlatforms) = preSolution
		Debug|Any CPU = Debug|Any CPU
		Release|Any CPU = Release|Any CPU
	EndGlobalSection
	GlobalSection(ProjectConfigurationPlatforms) = postSolution
		{267CA0B8-5671-4D37-9A80-A5C2D756C34B}.Debug|Any CPU.ActiveCfg = Debug|Any CPU
		{267CA0B8-5671-4D37-9A80-A5C2D756C34B}.Debug|Any CPU.Build.0 = Debug|Any CPU
		{267CA0B8-5671-4D37-9A80-A5C2D756C34B}.Release|Any CPU.ActiveCfg = Release|Any CPU
		{267CA0B8-5671-4D37-9A80-A5C2D756C34B}.Release|Any CPU.Build.0 = Release|Any CPU
		{510B66F9-8442-4AD0-A29C-455B9D0B63ED}.Debug|Any CPU.ActiveCfg = Debug|Any CPU
		{510B66F9-8442-4AD0-A29C-455B9D0B63ED}.Debug|Any CPU.Build.0 = Debug|Any CPU
		{510B66F9-8442-4AD0-A29C-455B9D0B63ED}.Release|Any CPU.ActiveCfg = Release|Any CPU
		{510B66F9-8442-4AD0-A29C-455B9D0B63ED}.Release|Any CPU.Build.0 = Release|Any CPU
		{BA9BABA9-1A52-413D-997B-A6F687EAEECF}.Debug|Any CPU.ActiveCfg = Debug|Any CPU
		{BA9BABA9-1A52-413D-997B-A6F687EAEECF}.Debug|Any CPU.Build.0 = Debug|Any CPU
		{BA9BABA9-1A52-413D-997B-A6F687EAEECF}.Release|Any CPU.ActiveCfg = Release|Any CPU
		{BA9BABA9-1A52-413D-997B-A6F687EAEECF}.Release|Any CPU.Build.0 = Release|Any CPU
		{954D9770-415C-4945-B709-FA2858F9FFC4}.Debug|Any CPU.ActiveCfg = Debug|Any CPU
		{954D9770-415C-4945-B709-FA2858F9FFC4}.Debug|Any CPU.Build.0 = Debug|Any CPU
		{954D9770-415C-4945-B709-FA2858F9FFC4}.Release|Any CPU.ActiveCfg = Release|Any CPU
		{954D9770-415C-4945-B709-FA2858F9FFC4}.Release|Any CPU.Build.0 = Release|Any CPU
	EndGlobalSection
	GlobalSection(SolutionProperties) = preSolution
		HideSolutionNode = FALSE
	EndGlobalSection
	GlobalSection(ExtensibilityGlobals) = postSolution
		SolutionGuid = {1B16AFAC-4193-47BE-B0EC-FE6C5E18A45C}
	EndGlobalSection
EndGlobal
